
Microsoft Visual Studio Solution File, Format Version 12.00
# Visual Studio 2013
VisualStudioVersion = 12.0.30723.0
MinimumVisualStudioVersion = 10.0.40219.1
Project("{FAE04EC0-301F-11D3-BF4B-00C04F79EFBC}") = "mite", "mite.net\mite.csproj", "{E475C05B-5EF7-494A-ACD4-5353CCA23856}"
EndProject
Project("{FAE04EC0-301F-11D3-BF4B-00C04F79EFBC}") = "MiteyTimeTracking", "MiteyTimeTracking.Forms\MiteyTimeTracking.csproj", "{53AEB3F0-A794-4351-8269-C2C452E0D5ED}"
EndProject
Project("{FAE04EC0-301F-11D3-BF4B-00C04F79EFBC}") = "MiteyTimeTracking.DAL", "MiteyTimeTracking.DAL\MiteyTimeTracking.DAL.csproj", "{EF223023-6265-4B07-AF1F-D499A9AF75D1}"
EndProject
Global
	GlobalSection(SolutionConfigurationPlatforms) = preSolution
		Debug|Any CPU = Debug|Any CPU
		NET20-Debug|Any CPU = NET20-Debug|Any CPU
		NET20-Release|Any CPU = NET20-Release|Any CPU
		NET35CP-Debug|Any CPU = NET35CP-Debug|Any CPU
		NET35CP-Release|Any CPU = NET35CP-Release|Any CPU
		NET40CP-Debug|Any CPU = NET40CP-Debug|Any CPU
		NET40CP-Release|Any CPU = NET40CP-Release|Any CPU
		Release|Any CPU = Release|Any CPU
	EndGlobalSection
	GlobalSection(ProjectConfigurationPlatforms) = postSolution
		{E475C05B-5EF7-494A-ACD4-5353CCA23856}.Debug|Any CPU.ActiveCfg = NET35CP-Debug|Any CPU
		{E475C05B-5EF7-494A-ACD4-5353CCA23856}.Debug|Any CPU.Build.0 = NET35CP-Debug|Any CPU
		{E475C05B-5EF7-494A-ACD4-5353CCA23856}.NET20-Debug|Any CPU.ActiveCfg = NET20-Debug|Any CPU
		{E475C05B-5EF7-494A-ACD4-5353CCA23856}.NET20-Debug|Any CPU.Build.0 = NET20-Debug|Any CPU
		{E475C05B-5EF7-494A-ACD4-5353CCA23856}.NET20-Release|Any CPU.ActiveCfg = NET20-Release|Any CPU
		{E475C05B-5EF7-494A-ACD4-5353CCA23856}.NET20-Release|Any CPU.Build.0 = NET20-Release|Any CPU
		{E475C05B-5EF7-494A-ACD4-5353CCA23856}.NET35CP-Debug|Any CPU.ActiveCfg = NET35CP-Debug|Any CPU
		{E475C05B-5EF7-494A-ACD4-5353CCA23856}.NET35CP-Debug|Any CPU.Build.0 = NET35CP-Debug|Any CPU
		{E475C05B-5EF7-494A-ACD4-5353CCA23856}.NET35CP-Release|Any CPU.ActiveCfg = NET35CP-Release|Any CPU
		{E475C05B-5EF7-494A-ACD4-5353CCA23856}.NET35CP-Release|Any CPU.Build.0 = NET35CP-Release|Any CPU
		{E475C05B-5EF7-494A-ACD4-5353CCA23856}.NET40CP-Debug|Any CPU.ActiveCfg = NET40CP-Debug|Any CPU
		{E475C05B-5EF7-494A-ACD4-5353CCA23856}.NET40CP-Debug|Any CPU.Build.0 = NET40CP-Debug|Any CPU
		{E475C05B-5EF7-494A-ACD4-5353CCA23856}.NET40CP-Release|Any CPU.ActiveCfg = NET40CP-Release|Any CPU
		{E475C05B-5EF7-494A-ACD4-5353CCA23856}.NET40CP-Release|Any CPU.Build.0 = NET40CP-Release|Any CPU
		{E475C05B-5EF7-494A-ACD4-5353CCA23856}.Release|Any CPU.ActiveCfg = NET35CP-Release|Any CPU
		{E475C05B-5EF7-494A-ACD4-5353CCA23856}.Release|Any CPU.Build.0 = NET35CP-Release|Any CPU
		{53AEB3F0-A794-4351-8269-C2C452E0D5ED}.Debug|Any CPU.ActiveCfg = Debug|Any CPU
		{53AEB3F0-A794-4351-8269-C2C452E0D5ED}.Debug|Any CPU.Build.0 = Debug|Any CPU
		{53AEB3F0-A794-4351-8269-C2C452E0D5ED}.NET20-Debug|Any CPU.ActiveCfg = Debug|Any CPU
		{53AEB3F0-A794-4351-8269-C2C452E0D5ED}.NET20-Debug|Any CPU.Build.0 = Debug|Any CPU
		{53AEB3F0-A794-4351-8269-C2C452E0D5ED}.NET20-Release|Any CPU.ActiveCfg = Release|Any CPU
		{53AEB3F0-A794-4351-8269-C2C452E0D5ED}.NET20-Release|Any CPU.Build.0 = Release|Any CPU
		{53AEB3F0-A794-4351-8269-C2C452E0D5ED}.NET35CP-Debug|Any CPU.ActiveCfg = Debug|Any CPU
		{53AEB3F0-A794-4351-8269-C2C452E0D5ED}.NET35CP-Debug|Any CPU.Build.0 = Debug|Any CPU
		{53AEB3F0-A794-4351-8269-C2C452E0D5ED}.NET35CP-Release|Any CPU.ActiveCfg = Release|Any CPU
		{53AEB3F0-A794-4351-8269-C2C452E0D5ED}.NET35CP-Release|Any CPU.Build.0 = Release|Any CPU
		{53AEB3F0-A794-4351-8269-C2C452E0D5ED}.NET40CP-Debug|Any CPU.ActiveCfg = Debug|Any CPU
		{53AEB3F0-A794-4351-8269-C2C452E0D5ED}.NET40CP-Debug|Any CPU.Build.0 = Debug|Any CPU
		{53AEB3F0-A794-4351-8269-C2C452E0D5ED}.NET40CP-Release|Any CPU.ActiveCfg = Release|Any CPU
		{53AEB3F0-A794-4351-8269-C2C452E0D5ED}.NET40CP-Release|Any CPU.Build.0 = Release|Any CPU
		{53AEB3F0-A794-4351-8269-C2C452E0D5ED}.Release|Any CPU.ActiveCfg = Release|Any CPU
		{53AEB3F0-A794-4351-8269-C2C452E0D5ED}.Release|Any CPU.Build.0 = Release|Any CPU
		{EF223023-6265-4B07-AF1F-D499A9AF75D1}.Debug|Any CPU.ActiveCfg = Debug|Any CPU
		{EF223023-6265-4B07-AF1F-D499A9AF75D1}.Debug|Any CPU.Build.0 = Debug|Any CPU
		{EF223023-6265-4B07-AF1F-D499A9AF75D1}.NET20-Debug|Any CPU.ActiveCfg = Debug|Any CPU
		{EF223023-6265-4B07-AF1F-D499A9AF75D1}.NET20-Debug|Any CPU.Build.0 = Debug|Any CPU
		{EF223023-6265-4B07-AF1F-D499A9AF75D1}.NET20-Release|Any CPU.ActiveCfg = Release|Any CPU
		{EF223023-6265-4B07-AF1F-D499A9AF75D1}.NET20-Release|Any CPU.Build.0 = Release|Any CPU
		{EF223023-6265-4B07-AF1F-D499A9AF75D1}.NET35CP-Debug|Any CPU.ActiveCfg = Debug|Any CPU
		{EF223023-6265-4B07-AF1F-D499A9AF75D1}.NET35CP-Debug|Any CPU.Build.0 = Debug|Any CPU
		{EF223023-6265-4B07-AF1F-D499A9AF75D1}.NET35CP-Release|Any CPU.ActiveCfg = Release|Any CPU
		{EF223023-6265-4B07-AF1F-D499A9AF75D1}.NET35CP-Release|Any CPU.Build.0 = Release|Any CPU
		{EF223023-6265-4B07-AF1F-D499A9AF75D1}.NET40CP-Debug|Any CPU.ActiveCfg = Debug|Any CPU
		{EF223023-6265-4B07-AF1F-D499A9AF75D1}.NET40CP-Debug|Any CPU.Build.0 = Debug|Any CPU
		{EF223023-6265-4B07-AF1F-D499A9AF75D1}.NET40CP-Release|Any CPU.ActiveCfg = Release|Any CPU
		{EF223023-6265-4B07-AF1F-D499A9AF75D1}.NET40CP-Release|Any CPU.Build.0 = Release|Any CPU
		{EF223023-6265-4B07-AF1F-D499A9AF75D1}.Release|Any CPU.ActiveCfg = Release|Any CPU
		{EF223023-6265-4B07-AF1F-D499A9AF75D1}.Release|Any CPU.Build.0 = Release|Any CPU
	EndGlobalSection
	GlobalSection(SolutionProperties) = preSolution
		HideSolutionNode = FALSE
	EndGlobalSection
EndGlobal
